// !$*UTF8*$!
{
	archiveVersion = 1;
	classes = {
	};
	objectVersion = 56;
	objects = {

/* Begin PBXBuildFile section */
		018BDD5502AF46189B6D8606 /* ConfirmRideView.swift in Sources */ = {isa = PBXBuildFile; fileRef = DD3338789C2449ADA1768CB7 /* ConfirmRideView.swift */; };
		02632837AE334901B3C76A58 /* HomeView.swift in Sources */ = {isa = PBXBuildFile; fileRef = E40ADFCD30D448EAA6B571C7 /* HomeView.swift */; };
		0499A0E6C9A641058DB54B3D /* MeatCategoryView.swift in Sources */ = {isa = PBXBuildFile; fileRef = 16C4C4F0189A4EFF94700762 /* MeatCategoryView.swift */; };
		1A3275EE838D49C0B03DD632 /* CSQJekApp.swift in Sources */ = {isa = PBXBuildFile; fileRef = ABEC9D2DF3C042E78874B8D9 /* CSQJekApp.swift */; };
		1DB7F5956F844CD088C516B0 /* AppTheme.swift in Sources */ = {isa = PBXBuildFile; fileRef = B9185992B55848F8A021AD49 /* AppTheme.swift */; };
		1E26C67663D54418BDF1BC29 /* ProductDetailView.swift in Sources */ = {isa = PBXBuildFile; fileRef = 3F27B5E6CAB8479193D9B604 /* ProductDetailView.swift */; };
		23AB9CEE223646978D0B6A89 /* CheckoutView.swift in Sources */ = {isa = PBXBuildFile; fileRef = A650B0C87BE547A2A2E9FD9D /* CheckoutView.swift */; };
		503A733D381747B4AEBB425C /* RiderTrackingView.swift in Sources */ = {isa = PBXBuildFile; fileRef = 1306A3E4BA1C48D697C39DFE /* RiderTrackingView.swift */; };
		5758DD79FD25427B99C77C38 /* DestinationView.swift in Sources */ = {isa = PBXBuildFile; fileRef = 89190944517649B2BDDD2595 /* DestinationView.swift */; };
		92A292762F860A4600C22A05 /* ContentsquareSDK in Frameworks */ = {isa = PBXBuildFile; productRef = 92A292752F860A4600C22A05 /* ContentsquareSDK */; };
		94AF069B217F41D49C52C4D2 /* Assets.xcassets in Resources */ = {isa = PBXBuildFile; fileRef = 8B46D25F591E4BF5ADC34DA9 /* Assets.xcassets */; };
		9EE1CF933E7F4E76AEADD136 /* CartView.swift in Sources */ = {isa = PBXBuildFile; fileRef = 8854E0A560BF445D902D346C /* CartView.swift */; };
		AA0011223344556677889901 /* AirModels.swift in Sources */ = {isa = PBXBuildFile; fileRef = AA0011223344556677889900 /* AirModels.swift */; };
		AA0011223344556677889903 /* CSQAirHomeView.swift in Sources */ = {isa = PBXBuildFile; fileRef = AA0011223344556677889902 /* CSQAirHomeView.swift */; };
		AA0011223344556677889905 /* FlightResultsView.swift in Sources */ = {isa = PBXBuildFile; fileRef = AA0011223344556677889904 /* FlightResultsView.swift */; };
		AA0011223344556677889907 /* FlightDetailView.swift in Sources */ = {isa = PBXBuildFile; fileRef = AA0011223344556677889906 /* FlightDetailView.swift */; };
		AA0011223344556677889909 /* BookingConfirmationView.swift in Sources */ = {isa = PBXBuildFile; fileRef = AA0011223344556677889908 /* BookingConfirmationView.swift */; };
		AFA27BA8D691485CB9375517 /* ContentView.swift in Sources */ = {isa = PBXBuildFile; fileRef = B05EF4324B4C40A98B9DB71B /* ContentView.swift */; };
		B23570E6D92945BC87121970 /* OrderConfirmationView.swift in Sources */ = {isa = PBXBuildFile; fileRef = FC7AD06187354B2598A95088 /* OrderConfirmationView.swift */; };
		B935DD3F699247138E0BD374 /* PickupLocationView.swift in Sources */ = {isa = PBXBuildFile; fileRef = 7681FC566535457EAC4C3AB5 /* PickupLocationView.swift */; };
		BB1100AA2233445500112201 /* CashModels.swift in Sources */ = {isa = PBXBuildFile; fileRef = BB1100AA2233445500112200 /* CashModels.swift */; };
		BB1100AA2233445500112203 /* CSQCashHomeView.swift in Sources */ = {isa = PBXBuildFile; fileRef = BB1100AA2233445500112202 /* CSQCashHomeView.swift */; };
		BB1100AA2233445500112205 /* QRScannerView.swift in Sources */ = {isa = PBXBuildFile; fileRef = BB1100AA2233445500112204 /* QRScannerView.swift */; };
		BB1100AA2233445500112207 /* SendMoneyView.swift in Sources */ = {isa = PBXBuildFile; fileRef = BB1100AA2233445500112206 /* SendMoneyView.swift */; };
		BB1100AA2233445500112209 /* AddWithdrawView.swift in Sources */ = {isa = PBXBuildFile; fileRef = BB1100AA2233445500112208 /* AddWithdrawView.swift */; };
		CC1122334455667700112201 /* MarketConfig.swift in Sources */ = {isa = PBXBuildFile; fileRef = CC1122334455667700112200 /* MarketConfig.swift */; };
		CC1122334455667700112203 /* MarketPickerView.swift in Sources */ = {isa = PBXBuildFile; fileRef = CC1122334455667700112202 /* MarketPickerView.swift */; };
		CC2233445566778899001122 /* SplashView.swift in Sources */ = {isa = PBXBuildFile; fileRef = BB1122334455667788990011 /* SplashView.swift */; };
		CC4A1B2E3F5D6789ABCDEF01BF /* GroceryComingSoonView.swift in Sources */ = {isa = PBXBuildFile; fileRef = CC4A1B2E3F5D6789ABCDEF0100 /* GroceryComingSoonView.swift */; };
		CCDD1122334455667788AABB /* LiveAgentButton.swift in Sources */ = {isa = PBXBuildFile; fileRef = CCDD112233445566778899AA /* LiveAgentButton.swift */; };
		D197D362908345B684276CC3 /* GroceryModels.swift in Sources */ = {isa = PBXBuildFile; fileRef = AF563A643C9340C0ACA5E2BD /* GroceryModels.swift */; };
		DD9900AA1122334455667788 /* TelcoComingSoonView.swift in Sources */ = {isa = PBXBuildFile; fileRef = DD9900AA1122334455667799 /* TelcoComingSoonView.swift */; };
		E21430A34BF64779AC2A5677 /* RideModels.swift in Sources */ = {isa = PBXBuildFile; fileRef = A5A710E9C3FF44B4B4667374 /* RideModels.swift */; };
		E3A81B1E1E1746129E419CD9 /* GroceryHomeView.swift in Sources */ = {isa = PBXBuildFile; fileRef = FA9F68470A634CABA9D29C56 /* GroceryHomeView.swift */; };
		EE6C3D4A5F7F8901CDEF012300 /* FoodDeliveryComingSoonView.swift in Sources */ = {isa = PBXBuildFile; fileRef = EE6C3D4A5F7F8901CDEF012301 /* FoodDeliveryComingSoonView.swift */; };
		FF1100AA2233445566778811 /* FoodModels.swift in Sources */ = {isa = PBXBuildFile; fileRef = FF1100AA2233445566778800 /* FoodModels.swift */; };
		FF1100AA2233445566778833 /* TelcoModels.swift in Sources */ = {isa = PBXBuildFile; fileRef = FF1100AA2233445566778822 /* TelcoModels.swift */; };
		FF1100AA2233445566778855 /* FoodHomeView.swift in Sources */ = {isa = PBXBuildFile; fileRef = FF1100AA2233445566778844 /* FoodHomeView.swift */; };
		FF1100AA2233445566778877 /* RestaurantDetailView.swift in Sources */ = {isa = PBXBuildFile; fileRef = FF1100AA2233445566778866 /* RestaurantDetailView.swift */; };
		FF1100AA2233445566778899 /* FoodOrderView.swift in Sources */ = {isa = PBXBuildFile; fileRef = FF1100AA2233445566778888 /* FoodOrderView.swift */; };
		FF1100AA22334455667788BB /* TelcoHomeView.swift in Sources */ = {isa = PBXBuildFile; fileRef = FF1100AA22334455667788AA /* TelcoHomeView.swift */; };
		FF1100AA22334455667788DD /* TelcoPlanDetailView.swift in Sources */ = {isa = PBXBuildFile; fileRef = FF1100AA22334455667788CC /* TelcoPlanDetailView.swift */; };
		FF1100AA22334455667788E2 /* TelcoBillsView.swift in Sources */ = {isa = PBXBuildFile; fileRef = FF1100AA22334455667788E1 /* TelcoBillsView.swift */; };
		FF1100AA22334455667788E4 /* RageTapDetector.swift in Sources */ = {isa = PBXBuildFile; fileRef = FF1100AA22334455667788E3 /* RageTapDetector.swift */; };
/* End PBXBuildFile section */

/* Begin PBXFileReference section */
		1306A3E4BA1C48D697C39DFE /* RiderTrackingView.swift */ = {isa = PBXFileReference; lastKnownFileType = sourcecode.swift; path = RiderTrackingView.swift; sourceTree = "<group>"; };
		16C4C4F0189A4EFF94700762 /* MeatCategoryView.swift */ = {isa = PBXFileReference; lastKnownFileType = sourcecode.swift; path = MeatCategoryView.swift; sourceTree = "<group>"; };
		190287AE7C0B44E487E375F2 /* CSQJek.app */ = {isa = PBXFileReference; explicitFileType = wrapper.application; includeInIndex = 0; path = CSQJek.app; sourceTree = BUILT_PRODUCTS_DIR; };
		3F27B5E6CAB8479193D9B604 /* ProductDetailView.swift */ = {isa = PBXFileReference; lastKnownFileType = sourcecode.swift; path = ProductDetailView.swift; sourceTree = "<group>"; };
		5E026EF556364C2AA3F916BE /* Info.plist */ = {isa = PBXFileReference; lastKnownFileType = text.plist.xml; path = Info.plist; sourceTree = "<group>"; };
		7681FC566535457EAC4C3AB5 /* PickupLocationView.swift */ = {isa = PBXFileReference; lastKnownFileType = sourcecode.swift; path = PickupLocationView.swift; sourceTree = "<group>"; };
		8854E0A560BF445D902D346C /* CartView.swift */ = {isa = PBXFileReference; lastKnownFileType = sourcecode.swift; path = CartView.swift; sourceTree = "<group>"; };
		89190944517649B2BDDD2595 /* DestinationView.swift */ = {isa = PBXFileReference; lastKnownFileType = sourcecode.swift; path = DestinationView.swift; sourceTree = "<group>"; };
		8B46D25F591E4BF5ADC34DA9 /* Assets.xcassets */ = {isa = PBXFileReference; lastKnownFileType = folder.assetcatalog; path = Assets.xcassets; sourceTree = "<group>"; };
		A5A710E9C3FF44B4B4667374 /* RideModels.swift */ = {isa = PBXFileReference; lastKnownFileType = sourcecode.swift; path = RideModels.swift; sourceTree = "<group>"; };
		A650B0C87BE547A2A2E9FD9D /* CheckoutView.swift */ = {isa = PBXFileReference; lastKnownFileType = sourcecode.swift; path = CheckoutView.swift; sourceTree = "<group>"; };
		AA0011223344556677889900 /* AirModels.swift */ = {isa = PBXFileReference; lastKnownFileType = sourcecode.swift; path = AirModels.swift; sourceTree = "<group>"; };
		AA0011223344556677889902 /* CSQAirHomeView.swift */ = {isa = PBXFileReference; lastKnownFileType = sourcecode.swift; path = CSQAirHomeView.swift; sourceTree = "<group>"; };
		AA0011223344556677889904 /* FlightResultsView.swift */ = {isa = PBXFileReference; lastKnownFileType = sourcecode.swift; path = FlightResultsView.swift; sourceTree = "<group>"; };
		AA0011223344556677889906 /* FlightDetailView.swift */ = {isa = PBXFileReference; lastKnownFileType = sourcecode.swift; path = FlightDetailView.swift; sourceTree = "<group>"; };
		AA0011223344556677889908 /* BookingConfirmationView.swift */ = {isa = PBXFileReference; lastKnownFileType = sourcecode.swift; path = BookingConfirmationView.swift; sourceTree = "<group>"; };
		ABEC9D2DF3C042E78874B8D9 /* CSQJekApp.swift */ = {isa = PBXFileReference; lastKnownFileType = sourcecode.swift; path = CSQJekApp.swift; sourceTree = "<group>"; };
		AF563A643C9340C0ACA5E2BD /* GroceryModels.swift */ = {isa = PBXFileReference; lastKnownFileType = sourcecode.swift; path = GroceryModels.swift; sourceTree = "<group>"; };
		B05EF4324B4C40A98B9DB71B /* ContentView.swift */ = {isa = PBXFileReference; lastKnownFileType = sourcecode.swift; path = ContentView.swift; sourceTree = "<group>"; };
		B9185992B55848F8A021AD49 /* AppTheme.swift */ = {isa = PBXFileReference; lastKnownFileType = sourcecode.swift; path = AppTheme.swift; sourceTree = "<group>"; };
		BB1100AA2233445500112200 /* CashModels.swift */ = {isa = PBXFileReference; lastKnownFileType = sourcecode.swift; path = CashModels.swift; sourceTree = "<group>"; };
		BB1100AA2233445500112202 /* CSQCashHomeView.swift */ = {isa = PBXFileReference; lastKnownFileType = sourcecode.swift; path = CSQCashHomeView.swift; sourceTree = "<group>"; };
		BB1100AA2233445500112204 /* QRScannerView.swift */ = {isa = PBXFileReference; lastKnownFileType = sourcecode.swift; path = QRScannerView.swift; sourceTree = "<group>"; };
		BB1100AA2233445500112206 /* SendMoneyView.swift */ = {isa = PBXFileReference; lastKnownFileType = sourcecode.swift; path = SendMoneyView.swift; sourceTree = "<group>"; };
		BB1100AA2233445500112208 /* AddWithdrawView.swift */ = {isa = PBXFileReference; lastKnownFileType = sourcecode.swift; path = AddWithdrawView.swift; sourceTree = "<group>"; };
		BB1122334455667788990011 /* SplashView.swift */ = {isa = PBXFileReference; lastKnownFileType = sourcecode.swift; path = SplashView.swift; sourceTree = "<group>"; };
		CC1122334455667700112200 /* MarketConfig.swift */ = {isa = PBXFileReference; lastKnownFileType = sourcecode.swift; path = MarketConfig.swift; sourceTree = "<group>"; };
		CC1122334455667700112202 /* MarketPickerView.swift */ = {isa = PBXFileReference; lastKnownFileType = sourcecode.swift; path = MarketPickerView.swift; sourceTree = "<group>"; };
		CC4A1B2E3F5D6789ABCDEF0100 /* GroceryComingSoonView.swift */ = {isa = PBXFileReference; lastKnownFileType = sourcecode.swift; path = GroceryComingSoonView.swift; sourceTree = "<group>"; };
		CCDD112233445566778899AA /* LiveAgentButton.swift */ = {isa = PBXFileReference; lastKnownFileType = sourcecode.swift; path = LiveAgentButton.swift; sourceTree = "<group>"; };
		DD3338789C2449ADA1768CB7 /* ConfirmRideView.swift */ = {isa = PBXFileReference; lastKnownFileType = sourcecode.swift; path = ConfirmRideView.swift; sourceTree = "<group>"; };
		DD9900AA1122334455667799 /* TelcoComingSoonView.swift */ = {isa = PBXFileReference; lastKnownFileType = sourcecode.swift; path = TelcoComingSoonView.swift; sourceTree = "<group>"; };
		E40ADFCD30D448EAA6B571C7 /* HomeView.swift */ = {isa = PBXFileReference; lastKnownFileType = sourcecode.swift; path = HomeView.swift; sourceTree = "<group>"; };
		EE6C3D4A5F7F8901CDEF012301 /* FoodDeliveryComingSoonView.swift */ = {isa = PBXFileReference; lastKnownFileType = sourcecode.swift; path = FoodDeliveryComingSoonView.swift; sourceTree = "<group>"; };
		FA9F68470A634CABA9D29C56 /* GroceryHomeView.swift */ = {isa = PBXFileReference; lastKnownFileType = sourcecode.swift; path = GroceryHomeView.swift; sourceTree = "<group>"; };
		FC7AD06187354B2598A95088 /* OrderConfirmationView.swift */ = {isa = PBXFileReference; lastKnownFileType = sourcecode.swift; path = OrderConfirmationView.swift; sourceTree = "<group>"; };
		FF1100AA2233445566778800 /* FoodModels.swift */ = {isa = PBXFileReference; lastKnownFileType = sourcecode.swift; path = FoodModels.swift; sourceTree = "<group>"; };
		FF1100AA2233445566778822 /* TelcoModels.swift */ = {isa = PBXFileReference; lastKnownFileType = sourcecode.swift; path = TelcoModels.swift; sourceTree = "<group>"; };
		FF1100AA2233445566778844 /* FoodHomeView.swift */ = {isa = PBXFileReference; lastKnownFileType = sourcecode.swift; path = FoodHomeView.swift; sourceTree = "<group>"; };
		FF1100AA2233445566778866 /* RestaurantDetailView.swift */ = {isa = PBXFileReference; lastKnownFileType = sourcecode.swift; path = RestaurantDetailView.swift; sourceTree = "<group>"; };
		FF1100AA2233445566778888 /* FoodOrderView.swift */ = {isa = PBXFileReference; lastKnownFileType = sourcecode.swift; path = FoodOrderView.swift; sourceTree = "<group>"; };
		FF1100AA22334455667788AA /* TelcoHomeView.swift */ = {isa = PBXFileReference; lastKnownFileType = sourcecode.swift; path = TelcoHomeView.swift; sourceTree = "<group>"; };
		FF1100AA22334455667788CC /* TelcoPlanDetailView.swift */ = {isa = PBXFileReference; lastKnownFileType = sourcecode.swift; path = TelcoPlanDetailView.swift; sourceTree = "<group>"; };
		FF1100AA22334455667788E1 /* TelcoBillsView.swift */ = {isa = PBXFileReference; lastKnownFileType = sourcecode.swift; path = TelcoBillsView.swift; sourceTree = "<group>"; };
		FF1100AA22334455667788E3 /* RageTapDetector.swift */ = {isa = PBXFileReference; lastKnownFileType = sourcecode.swift; path = RageTapDetector.swift; sourceTree = "<group>"; };
/* End PBXFileReference section */

/* Begin PBXFrameworksBuildPhase section */
		98C2A3DF3E4C4BE1810892BD /* Frameworks */ = {
			isa = PBXFrameworksBuildPhase;
			buildActionMask = 2147483647;
			files = (
				92A292762F860A4600C22A05 /* ContentsquareSDK in Frameworks */,
			);
			runOnlyForDeploymentPostprocessing = 0;
		};
/* End PBXFrameworksBuildPhase section */

/* Begin PBXGroup section */
		06A45EBB67164EECBD5DCB57 /* CSQJek */ = {
			isa = PBXGroup;
			children = (
				ABEC9D2DF3C042E78874B8D9 /* CSQJekApp.swift */,
				B05EF4324B4C40A98B9DB71B /* ContentView.swift */,
				D6468F8A0E6D490B98C61B2B /* Theme */,
				CC1122334455667700112210 /* Config */,
				F0A5633A203A404B90C3D1DA /* Models */,
				64D91F8D3F444215BF153949 /* Views */,
				8B46D25F591E4BF5ADC34DA9 /* Assets.xcassets */,
				5E026EF556364C2AA3F916BE /* Info.plist */,
			);
			path = CSQJek;
			sourceTree = "<group>";
		};
		395249710A854461AF86F9D4 = {
			isa = PBXGroup;
			children = (
				06A45EBB67164EECBD5DCB57 /* CSQJek */,
				9DE0D745D46943199217EE52 /* Products */,
			);
			sourceTree = "<group>";
		};
		64D91F8D3F444215BF153949 /* Views */ = {
			isa = PBXGroup;
			children = (
				A6560AB052C74FEBBD969B99 /* Home */,
				D7E4050505D84EE18DC689D0 /* Rides */,
				ACA1983887FA41B2AECDAC05 /* Grocery */,
				AA8E5F6C7B9B0123EF012345 /* Food */,
				DD9900AA1122334455667800 /* Telco */,
				AA0011223344556677889910 /* Air */,
				BB110011223344556677AABB /* Cash */,
				CCDD11223344556677880011 /* Shared */,
				BB1122334455667788990011 /* SplashView.swift */,
				CC1122334455667700112202 /* MarketPickerView.swift */,
			);
			path = Views;
			sourceTree = "<group>";
		};
		9DE0D745D46943199217EE52 /* Products */ = {
			isa = PBXGroup;
			children = (
				190287AE7C0B44E487E375F2 /* CSQJek.app */,
			);
			name = Products;
			sourceTree = "<group>";
		};
		A6560AB052C74FEBBD969B99 /* Home */ = {
			isa = PBXGroup;
			children = (
				E40ADFCD30D448EAA6B571C7 /* HomeView.swift */,
			);
			path = Home;
			sourceTree = "<group>";
		};
		AA0011223344556677889910 /* Air */ = {
			isa = PBXGroup;
			children = (
				AA0011223344556677889900 /* AirModels.swift */,
				AA0011223344556677889902 /* CSQAirHomeView.swift */,
				AA0011223344556677889904 /* FlightResultsView.swift */,
				AA0011223344556677889906 /* FlightDetailView.swift */,
				AA0011223344556677889908 /* BookingConfirmationView.swift */,
			);
			path = Air;
			sourceTree = "<group>";
		};
		AA8E5F6C7B9B0123EF012345 /* Food */ = {
			isa = PBXGroup;
			children = (
				EE6C3D4A5F7F8901CDEF012301 /* FoodDeliveryComingSoonView.swift */,
				FF1100AA2233445566778844 /* FoodHomeView.swift */,
				FF1100AA2233445566778866 /* RestaurantDetailView.swift */,
				FF1100AA2233445566778888 /* FoodOrderView.swift */,
			);
			path = Food;
			sourceTree = "<group>";
		};
		ACA1983887FA41B2AECDAC05 /* Grocery */ = {
			isa = PBXGroup;
			children = (
				FA9F68470A634CABA9D29C56 /* GroceryHomeView.swift */,
				CC4A1B2E3F5D6789ABCDEF0100 /* GroceryComingSoonView.swift */,
				3F27B5E6CAB8479193D9B604 /* ProductDetailView.swift */,
				8854E0A560BF445D902D346C /* CartView.swift */,
				A650B0C87BE547A2A2E9FD9D /* CheckoutView.swift */,
				FC7AD06187354B2598A95088 /* OrderConfirmationView.swift */,
				16C4C4F0189A4EFF94700762 /* MeatCategoryView.swift */,
				1306A3E4BA1C48D697C39DFE /* RiderTrackingView.swift */,
			);
			path = Grocery;
			sourceTree = "<group>";
		};
		BB110011223344556677AABB /* Cash */ = {
			isa = PBXGroup;
			children = (
				BB1100AA2233445500112200 /* CashModels.swift */,
				BB1100AA2233445500112202 /* CSQCashHomeView.swift */,
				BB1100AA2233445500112204 /* QRScannerView.swift */,
				BB1100AA2233445500112206 /* SendMoneyView.swift */,
				BB1100AA2233445500112208 /* AddWithdrawView.swift */,
			);
			path = Cash;
			sourceTree = "<group>";
		};
		CC1122334455667700112210 /* Config */ = {
			isa = PBXGroup;
			children = (
				CC1122334455667700112200 /* MarketConfig.swift */,
			);
			path = Config;
			sourceTree = "<group>";
		};
		CCDD11223344556677880011 /* Shared */ = {
			isa = PBXGroup;
			children = (
				CCDD112233445566778899AA /* LiveAgentButton.swift */,
				FF1100AA22334455667788E3 /* RageTapDetector.swift */,
			);
			path = Shared;
			sourceTree = "<group>";
		};
		D6468F8A0E6D490B98C61B2B /* Theme */ = {
			isa = PBXGroup;
			children = (
				B9185992B55848F8A021AD49 /* AppTheme.swift */,
			);
			path = Theme;
			sourceTree = "<group>";
		};
		D7E4050505D84EE18DC689D0 /* Rides */ = {
			isa = PBXGroup;
			children = (
				89190944517649B2BDDD2595 /* DestinationView.swift */,
				7681FC566535457EAC4C3AB5 /* PickupLocationView.swift */,
				DD3338789C2449ADA1768CB7 /* ConfirmRideView.swift */,
			);
			path = Rides;
			sourceTree = "<group>";
		};
		DD9900AA1122334455667800 /* Telco */ = {
			isa = PBXGroup;
			children = (
				DD9900AA1122334455667799 /* TelcoComingSoonView.swift */,
				FF1100AA22334455667788AA /* TelcoHomeView.swift */,
				FF1100AA22334455667788CC /* TelcoPlanDetailView.swift */,
				FF1100AA22334455667788E1 /* TelcoBillsView.swift */,
			);
			path = Telco;
			sourceTree = "<group>";
		};
		F0A5633A203A404B90C3D1DA /* Models */ = {
			isa = PBXGroup;
			children = (
				A5A710E9C3FF44B4B4667374 /* RideModels.swift */,
				AF563A643C9340C0ACA5E2BD /* GroceryModels.swift */,
				FF1100AA2233445566778800 /* FoodModels.swift */,
				FF1100AA2233445566778822 /* TelcoModels.swift */,
			);
			path = Models;
			sourceTree = "<group>";
		};
/* End PBXGroup section */

/* Begin PBXNativeTarget section */
		FE6517A70AEF4922816C9C8F /* CSQJek */ = {
			isa = PBXNativeTarget;
			buildConfigurationList = A0CB67839F36487B9410B183 /* Build configuration list for PBXNativeTarget "CSQJek" */;
			buildPhases = (
				89005CBB9B8C489892F61379 /* Sources */,
				98C2A3DF3E4C4BE1810892BD /* Frameworks */,
				E6B4003C5C714B34A2445F33 /* Resources */,
			);
			buildRules = (
			);
			dependencies = (
			);
			name = CSQJek;
			productName = CSQJek;
			productReference = 190287AE7C0B44E487E375F2 /* CSQJek.app */;
			productType = "com.apple.product-type.application";
		};
/* End PBXNativeTarget section */

/* Begin PBXProject section */
		4D1217DD977F4048A74FE720 /* Project object */ = {
			isa = PBXProject;
			attributes = {
				BuildIndependentTargetsInParallel = 1;
				LastSwiftUpdateCheck = 1500;
				LastUpgradeCheck = 1500;
				TargetAttributes = {
					FE6517A70AEF4922816C9C8F = {
						CreatedOnToolsVersion = 15.0;
					};
				};
			};
			buildConfigurationList = 647A1F3B1E32487B94DDEA59 /* Build configuration list for PBXProject "CSQJek" */;
			compatibilityVersion = "Xcode 14.0";
			developmentRegion = en;
			hasScannedForEncodings = 0;
			knownRegions = (
				en,
				Base,
			);
			mainGroup = 395249710A854461AF86F9D4;
			packageReferences = (
				92A292742F860A4600C22A05 /* XCRemoteSwiftPackageReference "apple-sdk" */,
			);
			productRefGroup = 9DE0D745D46943199217EE52 /* Products */;
			projectDirPath = "";
			projectRoot = "";
			targets = (
				FE6517A70AEF4922816C9C8F /* CSQJek */,
			);
		};
/* End PBXProject section */

/* Begin PBXResourcesBuildPhase section */
		E6B4003C5C714B34A2445F33 /* Resources */ = {
			isa = PBXResourcesBuildPhase;
			buildActionMask = 2147483647;
			files = (
				94AF069B217F41D49C52C4D2 /* Assets.xcassets in Resources */,
			);
			runOnlyForDeploymentPostprocessing = 0;
		};
/* End PBXResourcesBuildPhase section */

/* Begin PBXSourcesBuildPhase section */
		89005CBB9B8C489892F61379 /* Sources */ = {
			isa = PBXSourcesBuildPhase;
			buildActionMask = 2147483647;
			files = (
				1A3275EE838D49C0B03DD632 /* CSQJekApp.swift in Sources */,
				AFA27BA8D691485CB9375517 /* ContentView.swift in Sources */,
				1DB7F5956F844CD088C516B0 /* AppTheme.swift in Sources */,
				E21430A34BF64779AC2A5677 /* RideModels.swift in Sources */,
				D197D362908345B684276CC3 /* GroceryModels.swift in Sources */,
				FF1100AA2233445566778811 /* FoodModels.swift in Sources */,
				FF1100AA2233445566778833 /* TelcoModels.swift in Sources */,
				02632837AE334901B3C76A58 /* HomeView.swift in Sources */,
				CCDD1122334455667788AABB /* LiveAgentButton.swift in Sources */,
				FF1100AA22334455667788E4 /* RageTapDetector.swift in Sources */,
				CC2233445566778899001122 /* SplashView.swift in Sources */,
				5758DD79FD25427B99C77C38 /* DestinationView.swift in Sources */,
				B935DD3F699247138E0BD374 /* PickupLocationView.swift in Sources */,
				018BDD5502AF46189B6D8606 /* ConfirmRideView.swift in Sources */,
				E3A81B1E1E1746129E419CD9 /* GroceryHomeView.swift in Sources */,
				CC4A1B2E3F5D6789ABCDEF01BF /* GroceryComingSoonView.swift in Sources */,
				EE6C3D4A5F7F8901CDEF012300 /* FoodDeliveryComingSoonView.swift in Sources */,
				FF1100AA2233445566778855 /* FoodHomeView.swift in Sources */,
				FF1100AA2233445566778877 /* RestaurantDetailView.swift in Sources */,
				FF1100AA2233445566778899 /* FoodOrderView.swift in Sources */,
				1E26C67663D54418BDF1BC29 /* ProductDetailView.swift in Sources */,
				9EE1CF933E7F4E76AEADD136 /* CartView.swift in Sources */,
				23AB9CEE223646978D0B6A89 /* CheckoutView.swift in Sources */,
				B23570E6D92945BC87121970 /* OrderConfirmationView.swift in Sources */,
				0499A0E6C9A641058DB54B3D /* MeatCategoryView.swift in Sources */,
				503A733D381747B4AEBB425C /* RiderTrackingView.swift in Sources */,
				AA0011223344556677889901 /* AirModels.swift in Sources */,
				AA0011223344556677889903 /* CSQAirHomeView.swift in Sources */,
				AA0011223344556677889905 /* FlightResultsView.swift in Sources */,
				AA0011223344556677889907 /* FlightDetailView.swift in Sources */,
				AA0011223344556677889909 /* BookingConfirmationView.swift in Sources */,
				DD9900AA1122334455667788 /* TelcoComingSoonView.swift in Sources */,
				FF1100AA22334455667788BB /* TelcoHomeView.swift in Sources */,
				FF1100AA22334455667788DD /* TelcoPlanDetailView.swift in Sources */,
				FF1100AA22334455667788E2 /* TelcoBillsView.swift in Sources */,
				BB1100AA2233445500112201 /* CashModels.swift in Sources */,
				BB1100AA2233445500112203 /* CSQCashHomeView.swift in Sources */,
				BB1100AA2233445500112205 /* QRScannerView.swift in Sources */,
				BB1100AA2233445500112207 /* SendMoneyView.swift in Sources */,
				BB1100AA2233445500112209 /* AddWithdrawView.swift in Sources */,
				CC1122334455667700112201 /* MarketConfig.swift in Sources */,
				CC1122334455667700112203 /* MarketPickerView.swift in Sources */,
			);
			runOnlyForDeploymentPostprocessing = 0;
		};
/* End PBXSourcesBuildPhase section */

/* Begin XCBuildConfiguration section */
		691A43707AF44B9B8F4D4DAE /* Release */ = {
			isa = XCBuildConfiguration;
			buildSettings = {
				ASSD_MODULE = YES;
				CODE_SIGN_STYLE = Automatic;
				CURRENT_PROJECT_VERSION = 1;
				DEVELOPMENT_ASSET_PATHS = "";
				DEVELOPMENT_TEAM = P23WLJ4C85;
				GENERATE_INFOPLIST_FILE = YES;
				INFOPLIST_FILE = CSQJek/Info.plist;
				INFOPLIST_KEY_NSHumanReadableDescription = "CSQJek — Ride & Grocery Demo";
				INFOPLIST_KEY_UIApplicationSceneManifest_Generation = YES;
				INFOPLIST_KEY_UIApplicationSupportsIndirectInputEvents = YES;
				INFOPLIST_KEY_UILaunchScreen_Generation = YES;
				INFOPLIST_KEY_UISupportedInterfaceOrientations_iPhone = UIInterfaceOrientationPortrait;
				LE_SWIFT_VERSION = 5.0;
				MARKETING_VERSION = 1.0;
				OTHER_LDFLAGS = "-ObjC";
				PRODUCT_BUNDLE_IDENTIFIER = com.apj.csqjek;
				PRODUCT_NAME = "$(TARGET_NAME)";
				SDKROOT = iphoneos;
				SWIFT_EMIT_LOC_STRINGS = YES;
				SWIFT_VERSION = 5.0;
				TARGETED_DEVICE_FAMILY = "1,2";
			};
			name = Release;
		};
		8ADC9026281A450180A0AACB /* Debug */ = {
			isa = XCBuildConfiguration;
			buildSettings = {
				ALWAYS_SEARCH_USER_PATHS = NO;
				ASSET_CATALOG_COMPILER_OPTIMIZATION = space;
				CLANG_ANALYZER_NONNULL = YES;
				CLANG_ANALYZER_NUMBER_OBJECT_CONVERSION = YES_AGGRESSIVE;
				CLANG_CXX_LANGUAGE_STANDARD = "gnu++20";
				CLANG_ENABLE_MODULES = YES;
				CLANG_ENABLE_OBJC_ARC = YES;
				CLANG_ENABLE_OBJC_WEAK = YES;
				CLANG_WARN_BLOCK_CAPTURE_AUTORELEASING = YES;
				CLANG_WARN_BOOL_CONVERSION = YES;
				CLANG_WARN_COMMA = YES;
				CLANG_WARN_CONSTANT_CONVERSION = YES;
				CLANG_WARN_DEPRECATED_OBJC_IMPLEMENTATIONS = YES;
				CLANG_WARN_DIRECT_OBJC_ISA_USAGE = YES_ERROR;
				CLANG_WARN_DOCUMENTATION_COMMENTS = YES;
				CLANG_WARN_EMPTY_BODY = YES;
				CLANG_WARN_ENUM_CONVERSION = YES;
				CLANG_WARN_INFINITE_RECURSION = YES;
				CLANG_WARN_INT_CONVERSION = YES;
				CLANG_WARN_NON_LITERAL_NULL_CONVERSION = YES;
				CLANG_WARN_OBJC_IMPLICIT_RETAIN_SELF = YES;
				CLANG_WARN_OBJC_LITERAL_CONVERSION = YES;
				CLANG_WARN_OBJC_ROOT_CLASS = YES_ERROR;
				CLANG_WARN_QUOTED_INCLUDE_IN_FRAMEWORK_HEADER = YES;
				CLANG_WARN_RANGE_LOOP_ANALYSIS = YES;
				CLANG_WARN_STRICT_PROTOTYPES = YES;
				CLANG_WARN_SUSPICIOUS_MOVE = YES;
				CLANG_WARN_UNGUARDED_AVAILABILITY = YES_AGGRESSIVE;
				CLANG_WARN_UNREACHABLE_CODE = YES;
				CLANG_WARN__DUPLICATE_METHOD_MATCH = YES;
				COPY_PHASE_STRIP = NO;
				DEBUG_INFORMATION_FORMAT = dwarf;
				ENABLE_STRICT_OBJC_MSGSEND = YES;
				ENABLE_TESTABILITY = YES;
				ENABLE_USER_SCRIPT_SANDBOXING = YES;
				GCC_C_LANGUAGE_STANDARD = gnu17;
				GCC_DYNAMIC_NO_PIC = NO;
				GCC_NO_COMMON_BLOCKS = YES;
				GCC_OPTIMIZATION_LEVEL = 0;
				GCC_PREPROCESSOR_DEFINITIONS = (
					"DEBUG=1",
					"$(inherited)",
				);
				GCC_WARN_64_TO_32_BIT_CONVERSION = YES;
				GCC_WARN_ABOUT_RETURN_TYPE = YES_ERROR;
				GCC_WARN_UNDECLARED_SELECTOR = YES;
				GCC_WARN_UNINITIALIZED_AUTOS = YES_AGGRESSIVE;
				GCC_WARN_UNUSED_FUNCTION = YES;
				GCC_WARN_UNUSED_VARIABLE = YES;
				IPHONEOS_DEPLOYMENT_TARGET = 17.0;
				MTL_ENABLE_DEBUG_INFO = INCLUDE_SOURCE;
				MTL_FAST_MATH = YES;
				ONLY_ACTIVE_ARCH = YES;
				SDKROOT = iphoneos;
				SWIFT_ACTIVE_COMPILATION_CONDITIONS = DEBUG;
				SWIFT_OPTIMIZATION_LEVEL = "-Onone";
			};
			name = Debug;
		};
		96F46DC2B3524D5789614FC1 /* Release */ = {
			isa = XCBuildConfiguration;
			buildSettings = {
				ALWAYS_SEARCH_USER_PATHS = NO;
				ASSET_CATALOG_COMPILER_OPTIMIZATION = space;
				CLANG_ANALYZER_NONNULL = YES;
				CLANG_CXX_LANGUAGE_STANDARD = "gnu++20";
				CLANG_ENABLE_MODULES = YES;
				CLANG_ENABLE_OBJC_ARC = YES;
				CLANG_ENABLE_OBJC_WEAK = YES;
				COPY_PHASE_STRIP = NO;
				DEBUG_INFORMATION_FORMAT = "dwarf-with-dsym";
				ENABLE_NS_ASSERTIONS = NO;
				ENABLE_STRICT_OBJC_MSGSEND = YES;
				ENABLE_USER_SCRIPT_SANDBOXING = YES;
				GCC_C_LANGUAGE_STANDARD = gnu17;
				GCC_NO_COMMON_BLOCKS = YES;
				GCC_WARN_64_TO_32_BIT_CONVERSION = YES;
				GCC_WARN_ABOUT_RETURN_TYPE = YES_ERROR;
				GCC_WARN_UNDECLARED_SELECTOR = YES;
				GCC_WARN_UNINITIALIZED_AUTOS = YES_AGGRESSIVE;
				GCC_WARN_UNUSED_FUNCTION = YES;
				GCC_WARN_UNUSED_VARIABLE = YES;
				IPHONEOS_DEPLOYMENT_TARGET = 17.0;
				MTL_FAST_MATH = YES;
				SDKROOT = iphoneos;
				SWIFT_COMPILATION_MODE = wholemodule;
				SWIFT_OPTIMIZATION_LEVEL = "-O";
				VALIDATE_PRODUCT = YES;
			};
			name = Release;
		};
		9A24DB9B84104AACA5BABE72 /* Debug */ = {
			isa = XCBuildConfiguration;
			buildSettings = {
				ASSD_MODULE = YES;
				CODE_SIGN_STYLE = Automatic;
				CURRENT_PROJECT_VERSION = 1;
				DEVELOPMENT_ASSET_PATHS = "";
				DEVELOPMENT_TEAM = P23WLJ4C85;
				GENERATE_INFOPLIST_FILE = YES;
				INFOPLIST_FILE = CSQJek/Info.plist;
				INFOPLIST_KEY_NSHumanReadableDescription = "CSQJek — Ride & Grocery Demo";
				INFOPLIST_KEY_UIApplicationSceneManifest_Generation = YES;
				INFOPLIST_KEY_UIApplicationSupportsIndirectInputEvents = YES;
				INFOPLIST_KEY_UILaunchScreen_Generation = YES;
				INFOPLIST_KEY_UISupportedInterfaceOrientations_iPhone = UIInterfaceOrientationPortrait;
				LE_SWIFT_VERSION = 5.0;
				MARKETING_VERSION = 1.0;
				OTHER_LDFLAGS = "-ObjC";
				PRODUCT_BUNDLE_IDENTIFIER = com.apj.csqjek;
				PRODUCT_NAME = "$(TARGET_NAME)";
				SDKROOT = iphoneos;
				SWIFT_EMIT_LOC_STRINGS = YES;
				SWIFT_VERSION = 5.0;
				TARGETED_DEVICE_FAMILY = "1,2";
			};
			name = Debug;
		};
/* End XCBuildConfiguration section */

/* Begin XCConfigurationList section */
		647A1F3B1E32487B94DDEA59 /* Build configuration list for PBXProject "CSQJek" */ = {
			isa = XCConfigurationList;
			buildConfigurations = (
				8ADC9026281A450180A0AACB /* Debug */,
				96F46DC2B3524D5789614FC1 /* Release */,
			);
			defaultConfigurationIsVisible = 0;
			defaultConfigurationName = Release;
		};
		A0CB67839F36487B9410B183 /* Build configuration list for PBXNativeTarget "CSQJek" */ = {
			isa = XCConfigurationList;
			buildConfigurations = (
				9A24DB9B84104AACA5BABE72 /* Debug */,
				691A43707AF44B9B8F4D4DAE /* Release */,
			);
			defaultConfigurationIsVisible = 0;
			defaultConfigurationName = Release;
		};
/* End XCConfigurationList section */

/* Begin XCRemoteSwiftPackageReference section */
		92A292742F860A4600C22A05 /* XCRemoteSwiftPackageReference "apple-sdk" */ = {
			isa = XCRemoteSwiftPackageReference;
			repositoryURL = "https://github.com/ContentSquare/apple-sdk";
			requirement = {
				kind = upToNextMajorVersion;
				minimumVersion = 1.6.2;
			};
		};
/* End XCRemoteSwiftPackageReference section */

/* Begin XCSwiftPackageProductDependency section */
		92A292752F860A4600C22A05 /* ContentsquareSDK */ = {
			isa = XCSwiftPackageProductDependency;
			package = 92A292742F860A4600C22A05 /* XCRemoteSwiftPackageReference "apple-sdk" */;
			productName = ContentsquareSDK;
		};
/* End XCSwiftPackageProductDependency section */
	};
	rootObject = 4D1217DD977F4048A74FE720 /* Project object */;
}
